
Microsoft Visual Studio Solution File, Format Version 12.00
# Visual Studio Version 17
VisualStudioVersion = 17.13.35919.96
MinimumVisualStudioVersion = 10.0.40219.1
Project("{FAE04EC0-301F-11D3-BF4B-00C04F79EFBC}") = "XML İle Döviz Kuru Cekme", "XML İle Döviz Kuru Cekme\XML İle Döviz Kuru Cekme.csproj", "{8623F4E9-A902-4DAC-8151-D7B2FD8EFB30}"
EndProject
Global
	GlobalSection(SolutionConfigurationPlatforms) = preSolution
		Debug|Any CPU = Debug|Any CPU
		Release|Any CPU = Release|Any CPU
	EndGlobalSection
	GlobalSection(ProjectConfigurationPlatforms) = postSolution
		{8623F4E9-A902-4DAC-8151-D7B2FD8EFB30}.Debug|Any CPU.ActiveCfg = Debug|Any CPU
		{8623F4E9-A902-4DAC-8151-D7B2FD8EFB30}.Debug|Any CPU.Build.0 = Debug|Any CPU
		{8623F4E9-A902-4DAC-8151-D7B2FD8EFB30}.Release|Any CPU.ActiveCfg = Release|Any CPU
		{8623F4E9-A902-4DAC-8151-D7B2FD8EFB30}.Release|Any CPU.Build.0 = Release|Any CPU
	EndGlobalSection
	GlobalSection(SolutionProperties) = preSolution
		HideSolutionNode = FALSE
	EndGlobalSection
	GlobalSection(ExtensibilityGlobals) = postSolution
		SolutionGuid = {266ED5E1-D1C3-409C-ACE2-269DA6D35E81}
	EndGlobalSection
EndGlobal
